// !$*UTF8*$!
{
	archiveVersion = 1;
	classes = {
	};
	objectVersion = 56;
	objects = {

/* Begin PBXBuildFile section */
		6AA1282229EF24540058C67B /* volvo_code_testApp.swift in Sources */ = {isa = PBXBuildFile; fileRef = 6AA1282129EF24540058C67B /* volvo_code_testApp.swift */; };
		6AA1282429EF24540058C67B /* ContentView.swift in Sources */ = {isa = PBXBuildFile; fileRef = 6AA1282329EF24540058C67B /* ContentView.swift */; };
		6AA1282629EF24550058C67B /* Assets.xcassets in Resources */ = {isa = PBXBuildFile; fileRef = 6AA1282529EF24550058C67B /* Assets.xcassets */; };
		6AA1282929EF24550058C67B /* Preview Assets.xcassets in Resources */ = {isa = PBXBuildFile; fileRef = 6AA1282829EF24550058C67B /* Preview Assets.xcassets */; };
		6AA1283329EF24550058C67B /* volvo_code_testTests.swift in Sources */ = {isa = PBXBuildFile; fileRef = 6AA1283229EF24550058C67B /* volvo_code_testTests.swift */; };
		6AA1283D29EF24550058C67B /* volvo_code_testUITests.swift in Sources */ = {isa = PBXBuildFile; fileRef = 6AA1283C29EF24550058C67B /* volvo_code_testUITests.swift */; };
		6AA1283F29EF24550058C67B /* volvo_code_testUITestsLaunchTests.swift in Sources */ = {isa = PBXBuildFile; fileRef = 6AA1283E29EF24550058C67B /* volvo_code_testUITestsLaunchTests.swift */; };
		6AA1284D29EF27660058C67B /* Api.swift in Sources */ = {isa = PBXBuildFile; fileRef = 6AA1284C29EF27660058C67B /* Api.swift */; };
		6AA1285429EF29040058C67B /* WeatherResponse.swift in Sources */ = {isa = PBXBuildFile; fileRef = 6AA1285329EF29040058C67B /* WeatherResponse.swift */; };
		6AA1285629EF32880058C67B /* WeatherCard.swift in Sources */ = {isa = PBXBuildFile; fileRef = 6AA1285529EF32880058C67B /* WeatherCard.swift */; };
/* End PBXBuildFile section */

/* Begin PBXContainerItemProxy section */
		6AA1282F29EF24550058C67B /* PBXContainerItemProxy */ = {
			isa = PBXContainerItemProxy;
			containerPortal = 6AA1281629EF24540058C67B /* Project object */;
			proxyType = 1;
			remoteGlobalIDString = 6AA1281D29EF24540058C67B;
			remoteInfo = "volvo-code-test";
		};
		6AA1283929EF24550058C67B /* PBXContainerItemProxy */ = {
			isa = PBXContainerItemProxy;
			containerPortal = 6AA1281629EF24540058C67B /* Project object */;
			proxyType = 1;
			remoteGlobalIDString = 6AA1281D29EF24540058C67B;
			remoteInfo = "volvo-code-test";
		};
/* End PBXContainerItemProxy section */

/* Begin PBXFileReference section */
		6AA1281E29EF24540058C67B /* volvo-code-test.app */ = {isa = PBXFileReference; explicitFileType = wrapper.application; includeInIndex = 0; path = "volvo-code-test.app"; sourceTree = BUILT_PRODUCTS_DIR; };
		6AA1282129EF24540058C67B /* volvo_code_testApp.swift */ = {isa = PBXFileReference; lastKnownFileType = sourcecode.swift; path = volvo_code_testApp.swift; sourceTree = "<group>"; };
		6AA1282329EF24540058C67B /* ContentView.swift */ = {isa = PBXFileReference; lastKnownFileType = sourcecode.swift; path = ContentView.swift; sourceTree = "<group>"; };
		6AA1282529EF24550058C67B /* Assets.xcassets */ = {isa = PBXFileReference; lastKnownFileType = folder.assetcatalog; path = Assets.xcassets; sourceTree = "<group>"; };
		6AA1282829EF24550058C67B /* Preview Assets.xcassets */ = {isa = PBXFileReference; lastKnownFileType = folder.assetcatalog; path = "Preview Assets.xcassets"; sourceTree = "<group>"; };
		6AA1282E29EF24550058C67B /* volvo-code-testTests.xctest */ = {isa = PBXFileReference; explicitFileType = wrapper.cfbundle; includeInIndex = 0; path = "volvo-code-testTests.xctest"; sourceTree = BUILT_PRODUCTS_DIR; };
		6AA1283229EF24550058C67B /* volvo_code_testTests.swift */ = {isa = PBXFileReference; lastKnownFileType = sourcecode.swift; path = volvo_code_testTests.swift; sourceTree = "<group>"; };
		6AA1283829EF24550058C67B /* volvo-code-testUITests.xctest */ = {isa = PBXFileReference; explicitFileType = wrapper.cfbundle; includeInIndex = 0; path = "volvo-code-testUITests.xctest"; sourceTree = BUILT_PRODUCTS_DIR; };
		6AA1283C29EF24550058C67B /* volvo_code_testUITests.swift */ = {isa = PBXFileReference; lastKnownFileType = sourcecode.swift; path = volvo_code_testUITests.swift; sourceTree = "<group>"; };
		6AA1283E29EF24550058C67B /* volvo_code_testUITestsLaunchTests.swift */ = {isa = PBXFileReference; lastKnownFileType = sourcecode.swift; path = volvo_code_testUITestsLaunchTests.swift; sourceTree = "<group>"; };
		6AA1284C29EF27660058C67B /* Api.swift */ = {isa = PBXFileReference; lastKnownFileType = sourcecode.swift; path = Api.swift; sourceTree = "<group>"; };
		6AA1285329EF29040058C67B /* WeatherResponse.swift */ = {isa = PBXFileReference; lastKnownFileType = sourcecode.swift; path = WeatherResponse.swift; sourceTree = "<group>"; };
		6AA1285529EF32880058C67B /* WeatherCard.swift */ = {isa = PBXFileReference; lastKnownFileType = sourcecode.swift; path = WeatherCard.swift; sourceTree = "<group>"; };
/* End PBXFileReference section */

/* Begin PBXFrameworksBuildPhase section */
		6AA1281B29EF24540058C67B /* Frameworks */ = {
			isa = PBXFrameworksBuildPhase;
			buildActionMask = 2147483647;
			files = (
			);
			runOnlyForDeploymentPostprocessing = 0;
		};
		6AA1282B29EF24550058C67B /* Frameworks */ = {
			isa = PBXFrameworksBuildPhase;
			buildActionMask = 2147483647;
			files = (
			);
			runOnlyForDeploymentPostprocessing = 0;
		};
		6AA1283529EF24550058C67B /* Frameworks */ = {
			isa = PBXFrameworksBuildPhase;
			buildActionMask = 2147483647;
			files = (
			);
			runOnlyForDeploymentPostprocessing = 0;
		};
/* End PBXFrameworksBuildPhase section */

/* Begin PBXGroup section */
		6AA1281529EF24540058C67B = {
			isa = PBXGroup;
			children = (
				6AA1282029EF24540058C67B /* volvo-code-test */,
				6AA1283129EF24550058C67B /* volvo-code-testTests */,
				6AA1283B29EF24550058C67B /* volvo-code-testUITests */,
				6AA1281F29EF24540058C67B /* Products */,
			);
			sourceTree = "<group>";
		};
		6AA1281F29EF24540058C67B /* Products */ = {
			isa = PBXGroup;
			children = (
				6AA1281E29EF24540058C67B /* volvo-code-test.app */,
				6AA1282E29EF24550058C67B /* volvo-code-testTests.xctest */,
				6AA1283829EF24550058C67B /* volvo-code-testUITests.xctest */,
			);
			name = Products;
			sourceTree = "<group>";
		};
		6AA1282029EF24540058C67B /* volvo-code-test */ = {
			isa = PBXGroup;
			children = (
				6AA1284B29EF27460058C67B /* Api */,
				6AA1284E29EF27C40058C67B /* Models */,
				6AA1284F29EF27D60058C67B /* Views */,
				6AA1285029EF27DD0058C67B /* ViewModels */,
				6AA1282129EF24540058C67B /* volvo_code_testApp.swift */,
				6AA1282329EF24540058C67B /* ContentView.swift */,
				6AA1282529EF24550058C67B /* Assets.xcassets */,
				6AA1282729EF24550058C67B /* Preview Content */,
			);
			path = "volvo-code-test";
			sourceTree = "<group>";
		};
		6AA1282729EF24550058C67B /* Preview Content */ = {
			isa = PBXGroup;
			children = (
				6AA1282829EF24550058C67B /* Preview Assets.xcassets */,
			);
			path = "Preview Content";
			sourceTree = "<group>";
		};
		6AA1283129EF24550058C67B /* volvo-code-testTests */ = {
			isa = PBXGroup;
			children = (
				6AA1283229EF24550058C67B /* volvo_code_testTests.swift */,
			);
			path = "volvo-code-testTests";
			sourceTree = "<group>";
		};
		6AA1283B29EF24550058C67B /* volvo-code-testUITests */ = {
			isa = PBXGroup;
			children = (
				6AA1283C29EF24550058C67B /* volvo_code_testUITests.swift */,
				6AA1283E29EF24550058C67B /* volvo_code_testUITestsLaunchTests.swift */,
			);
			path = "volvo-code-testUITests";
			sourceTree = "<group>";
		};
		6AA1284B29EF27460058C67B /* Api */ = {
			isa = PBXGroup;
			children = (
				6AA1284C29EF27660058C67B /* Api.swift */,
			);
			path = Api;
			sourceTree = "<group>";
		};
		6AA1284E29EF27C40058C67B /* Models */ = {
			isa = PBXGroup;
			children = (
				6AA1285329EF29040058C67B /* WeatherResponse.swift */,
			);
			path = Models;
			sourceTree = "<group>";
		};
		6AA1284F29EF27D60058C67B /* Views */ = {
			isa = PBXGroup;
			children = (
				6AA1285529EF32880058C67B /* WeatherCard.swift */,
			);
			path = Views;
			sourceTree = "<group>";
		};
		6AA1285029EF27DD0058C67B /* ViewModels */ = {
			isa = PBXGroup;
			children = (
			);
			path = ViewModels;
			sourceTree = "<group>";
		};
/* End PBXGroup section */

/* Begin PBXNativeTarget section */
		6AA1281D29EF24540058C67B /* volvo-code-test */ = {
			isa = PBXNativeTarget;
			buildConfigurationList = 6AA1284229EF24550058C67B /* Build configuration list for PBXNativeTarget "volvo-code-test" */;
			buildPhases = (
				6AA1281A29EF24540058C67B /* Sources */,
				6AA1281B29EF24540058C67B /* Frameworks */,
				6AA1281C29EF24540058C67B /* Resources */,
			);
			buildRules = (
			);
			dependencies = (
			);
			name = "volvo-code-test";
			productName = "volvo-code-test";
			productReference = 6AA1281E29EF24540058C67B /* volvo-code-test.app */;
			productType = "com.apple.product-type.application";
		};
		6AA1282D29EF24550058C67B /* volvo-code-testTests */ = {
			isa = PBXNativeTarget;
			buildConfigurationList = 6AA1284529EF24550058C67B /* Build configuration list for PBXNativeTarget "volvo-code-testTests" */;
			buildPhases = (
				6AA1282A29EF24550058C67B /* Sources */,
				6AA1282B29EF24550058C67B /* Frameworks */,
				6AA1282C29EF24550058C67B /* Resources */,
			);
			buildRules = (
			);
			dependencies = (
				6AA1283029EF24550058C67B /* PBXTargetDependency */,
			);
			name = "volvo-code-testTests";
			productName = "volvo-code-testTests";
			productReference = 6AA1282E29EF24550058C67B /* volvo-code-testTests.xctest */;
			productType = "com.apple.product-type.bundle.unit-test";
		};
		6AA1283729EF24550058C67B /* volvo-code-testUITests */ = {
			isa = PBXNativeTarget;
			buildConfigurationList = 6AA1284829EF24550058C67B /* Build configuration list for PBXNativeTarget "volvo-code-testUITests" */;
			buildPhases = (
				6AA1283429EF24550058C67B /* Sources */,
				6AA1283529EF24550058C67B /* Frameworks */,
				6AA1283629EF24550058C67B /* Resources */,
			);
			buildRules = (
			);
			dependencies = (
				6AA1283A29EF24550058C67B /* PBXTargetDependency */,
			);
			name = "volvo-code-testUITests";
			productName = "volvo-code-testUITests";
			productReference = 6AA1283829EF24550058C67B /* volvo-code-testUITests.xctest */;
			productType = "com.apple.product-type.bundle.ui-testing";
		};
/* End PBXNativeTarget section */

/* Begin PBXProject section */
		6AA1281629EF24540058C67B /* Project object */ = {
			isa = PBXProject;
			attributes = {
				BuildIndependentTargetsInParallel = 1;
				LastSwiftUpdateCheck = 1430;
				LastUpgradeCheck = 1430;
				TargetAttributes = {
					6AA1281D29EF24540058C67B = {
						CreatedOnToolsVersion = 14.3;
					};
					6AA1282D29EF24550058C67B = {
						CreatedOnToolsVersion = 14.3;
						TestTargetID = 6AA1281D29EF24540058C67B;
					};
					6AA1283729EF24550058C67B = {
						CreatedOnToolsVersion = 14.3;
						TestTargetID = 6AA1281D29EF24540058C67B;
					};
				};
			};
			buildConfigurationList = 6AA1281929EF24540058C67B /* Build configuration list for PBXProject "volvo-code-test" */;
			compatibilityVersion = "Xcode 14.0";
			developmentRegion = en;
			hasScannedForEncodings = 0;
			knownRegions = (
				en,
				Base,
			);
			mainGroup = 6AA1281529EF24540058C67B;
			productRefGroup = 6AA1281F29EF24540058C67B /* Products */;
			projectDirPath = "";
			projectRoot = "";
			targets = (
				6AA1281D29EF24540058C67B /* volvo-code-test */,
				6AA1282D29EF24550058C67B /* volvo-code-testTests */,
				6AA1283729EF24550058C67B /* volvo-code-testUITests */,
			);
		};
/* End PBXProject section */

/* Begin PBXResourcesBuildPhase section */
		6AA1281C29EF24540058C67B /* Resources */ = {
			isa = PBXResourcesBuildPhase;
			buildActionMask = 2147483647;
			files = (
				6AA1282929EF24550058C67B /* Preview Assets.xcassets in Resources */,
				6AA1282629EF24550058C67B /* Assets.xcassets in Resources */,
			);
			runOnlyForDeploymentPostprocessing = 0;
		};
		6AA1282C29EF24550058C67B /* Resources */ = {
			isa = PBXResourcesBuildPhase;
			buildActionMask = 2147483647;
			files = (
			);
			runOnlyForDeploymentPostprocessing = 0;
		};
		6AA1283629EF24550058C67B /* Resources */ = {
			isa = PBXResourcesBuildPhase;
			buildActionMask = 2147483647;
			files = (
			);
			runOnlyForDeploymentPostprocessing = 0;
		};
/* End PBXResourcesBuildPhase section */

/* Begin PBXSourcesBuildPhase section */
		6AA1281A29EF24540058C67B /* Sources */ = {
			isa = PBXSourcesBuildPhase;
			buildActionMask = 2147483647;
			files = (
				6AA1284D29EF27660058C67B /* Api.swift in Sources */,
				6AA1282429EF24540058C67B /* ContentView.swift in Sources */,
				6AA1282229EF24540058C67B /* volvo_code_testApp.swift in Sources */,
				6AA1285629EF32880058C67B /* WeatherCard.swift in Sources */,
				6AA1285429EF29040058C67B /* WeatherResponse.swift in Sources */,
			);
			runOnlyForDeploymentPostprocessing = 0;
		};
		6AA1282A29EF24550058C67B /* Sources */ = {
			isa = PBXSourcesBuildPhase;
			buildActionMask = 2147483647;
			files = (
				6AA1283329EF24550058C67B /* volvo_code_testTests.swift in Sources */,
			);
			runOnlyForDeploymentPostprocessing = 0;
		};
		6AA1283429EF24550058C67B /* Sources */ = {
			isa = PBXSourcesBuildPhase;
			buildActionMask = 2147483647;
			files = (
				6AA1283F29EF24550058C67B /* volvo_code_testUITestsLaunchTests.swift in Sources */,
				6AA1283D29EF24550058C67B /* volvo_code_testUITests.swift in Sources */,
			);
			runOnlyForDeploymentPostprocessing = 0;
		};
/* End PBXSourcesBuildPhase section */

/* Begin PBXTargetDependency section */
		6AA1283029EF24550058C67B /* PBXTargetDependency */ = {
			isa = PBXTargetDependency;
			target = 6AA1281D29EF24540058C67B /* volvo-code-test */;
			targetProxy = 6AA1282F29EF24550058C67B /* PBXContainerItemProxy */;
		};
		6AA1283A29EF24550058C67B /* PBXTargetDependency */ = {
			isa = PBXTargetDependency;
			target = 6AA1281D29EF24540058C67B /* volvo-code-test */;
			targetProxy = 6AA1283929EF24550058C67B /* PBXContainerItemProxy */;
		};
/* End PBXTargetDependency section */

/* Begin XCBuildConfiguration section */
		6AA1284029EF24550058C67B /* Debug */ = {
			isa = XCBuildConfiguration;
			buildSettings = {
				ALWAYS_SEARCH_USER_PATHS = NO;
				CLANG_ANALYZER_NONNULL = YES;
				CLANG_ANALYZER_NUMBER_OBJECT_CONVERSION = YES_AGGRESSIVE;
				CLANG_CXX_LANGUAGE_STANDARD = "gnu++20";
				CLANG_ENABLE_MODULES = YES;
				CLANG_ENABLE_OBJC_ARC = YES;
				CLANG_ENABLE_OBJC_WEAK = YES;
				CLANG_WARN_BLOCK_CAPTURE_AUTORELEASING = YES;
				CLANG_WARN_BOOL_CONVERSION = YES;
				CLANG_WARN_COMMA = YES;
				CLANG_WARN_CONSTANT_CONVERSION = YES;
				CLANG_WARN_DEPRECATED_OBJC_IMPLEMENTATIONS = YES;
				CLANG_WARN_DIRECT_OBJC_ISA_USAGE = YES_ERROR;
				CLANG_WARN_DOCUMENTATION_COMMENTS = YES;
				CLANG_WARN_EMPTY_BODY = YES;
				CLANG_WARN_ENUM_CONVERSION = YES;
				CLANG_WARN_INFINITE_RECURSION = YES;
				CLANG_WARN_INT_CONVERSION = YES;
				CLANG_WARN_NON_LITERAL_NULL_CONVERSION = YES;
				CLANG_WARN_OBJC_IMPLICIT_RETAIN_SELF = YES;
				CLANG_WARN_OBJC_LITERAL_CONVERSION = YES;
				CLANG_WARN_OBJC_ROOT_CLASS = YES_ERROR;
				CLANG_WARN_QUOTED_INCLUDE_IN_FRAMEWORK_HEADER = YES;
				CLANG_WARN_RANGE_LOOP_ANALYSIS = YES;
				CLANG_WARN_STRICT_PROTOTYPES = YES;
				CLANG_WARN_SUSPICIOUS_MOVE = YES;
				CLANG_WARN_UNGUARDED_AVAILABILITY = YES_AGGRESSIVE;
				CLANG_WARN_UNREACHABLE_CODE = YES;
				CLANG_WARN__DUPLICATE_METHOD_MATCH = YES;
				COPY_PHASE_STRIP = NO;
				DEBUG_INFORMATION_FORMAT = dwarf;
				ENABLE_STRICT_OBJC_MSGSEND = YES;
				ENABLE_TESTABILITY = YES;
				GCC_C_LANGUAGE_STANDARD = gnu11;
				GCC_DYNAMIC_NO_PIC = NO;
				GCC_NO_COMMON_BLOCKS = YES;
				GCC_OPTIMIZATION_LEVEL = 0;
				GCC_PREPROCESSOR_DEFINITIONS = (
					"DEBUG=1",
					"$(inherited)",
				);
				GCC_WARN_64_TO_32_BIT_CONVERSION = YES;
				GCC_WARN_ABOUT_RETURN_TYPE = YES_ERROR;
				GCC_WARN_UNDECLARED_SELECTOR = YES;
				GCC_WARN_UNINITIALIZED_AUTOS = YES_AGGRESSIVE;
				GCC_WARN_UNUSED_FUNCTION = YES;
				GCC_WARN_UNUSED_VARIABLE = YES;
				IPHONEOS_DEPLOYMENT_TARGET = 16.4;
				MTL_ENABLE_DEBUG_INFO = INCLUDE_SOURCE;
				MTL_FAST_MATH = YES;
				ONLY_ACTIVE_ARCH = YES;
				SDKROOT = iphoneos;
				SWIFT_ACTIVE_COMPILATION_CONDITIONS = DEBUG;
				SWIFT_OPTIMIZATION_LEVEL = "-Onone";
			};
			name = Debug;
		};
		6AA1284129EF24550058C67B /* Release */ = {
			isa = XCBuildConfiguration;
			buildSettings = {
				ALWAYS_SEARCH_USER_PATHS = NO;
				CLANG_ANALYZER_NONNULL = YES;
				CLANG_ANALYZER_NUMBER_OBJECT_CONVERSION = YES_AGGRESSIVE;
				CLANG_CXX_LANGUAGE_STANDARD = "gnu++20";
				CLANG_ENABLE_MODULES = YES;
				CLANG_ENABLE_OBJC_ARC = YES;
				CLANG_ENABLE_OBJC_WEAK = YES;
				CLANG_WARN_BLOCK_CAPTURE_AUTORELEASING = YES;
				CLANG_WARN_BOOL_CONVERSION = YES;
				CLANG_WARN_COMMA = YES;
				CLANG_WARN_CONSTANT_CONVERSION = YES;
				CLANG_WARN_DEPRECATED_OBJC_IMPLEMENTATIONS = YES;
				CLANG_WARN_DIRECT_OBJC_ISA_USAGE = YES_ERROR;
				CLANG_WARN_DOCUMENTATION_COMMENTS = YES;
				CLANG_WARN_EMPTY_BODY = YES;
				CLANG_WARN_ENUM_CONVERSION = YES;
				CLANG_WARN_INFINITE_RECURSION = YES;
				CLANG_WARN_INT_CONVERSION = YES;
				CLANG_WARN_NON_LITERAL_NULL_CONVERSION = YES;
				CLANG_WARN_OBJC_IMPLICIT_RETAIN_SELF = YES;
				CLANG_WARN_OBJC_LITERAL_CONVERSION = YES;
				CLANG_WARN_OBJC_ROOT_CLASS = YES_ERROR;
				CLANG_WARN_QUOTED_INCLUDE_IN_FRAMEWORK_HEADER = YES;
				CLANG_WARN_RANGE_LOOP_ANALYSIS = YES;
				CLANG_WARN_STRICT_PROTOTYPES = YES;
				CLANG_WARN_SUSPICIOUS_MOVE = YES;
				CLANG_WARN_UNGUARDED_AVAILABILITY = YES_AGGRESSIVE;
				CLANG_WARN_UNREACHABLE_CODE = YES;
				CLANG_WARN__DUPLICATE_METHOD_MATCH = YES;
				COPY_PHASE_STRIP = NO;
				DEBUG_INFORMATION_FORMAT = "dwarf-with-dsym";
				ENABLE_NS_ASSERTIONS = NO;
				ENABLE_STRICT_OBJC_MSGSEND = YES;
				GCC_C_LANGUAGE_STANDARD = gnu11;
				GCC_NO_COMMON_BLOCKS = YES;
				GCC_WARN_64_TO_32_BIT_CONVERSION = YES;
				GCC_WARN_ABOUT_RETURN_TYPE = YES_ERROR;
				GCC_WARN_UNDECLARED_SELECTOR = YES;
				GCC_WARN_UNINITIALIZED_AUTOS = YES_AGGRESSIVE;
				GCC_WARN_UNUSED_FUNCTION = YES;
				GCC_WARN_UNUSED_VARIABLE = YES;
				IPHONEOS_DEPLOYMENT_TARGET = 16.4;
				MTL_ENABLE_DEBUG_INFO = NO;
				MTL_FAST_MATH = YES;
				SDKROOT = iphoneos;
				SWIFT_COMPILATION_MODE = wholemodule;
				SWIFT_OPTIMIZATION_LEVEL = "-O";
				VALIDATE_PRODUCT = YES;
			};
			name = Release;
		};
		6AA1284329EF24550058C67B /* Debug */ = {
			isa = XCBuildConfiguration;
			buildSettings = {
				ASSETCATALOG_COMPILER_APPICON_NAME = AppIcon;
				ASSETCATALOG_COMPILER_GLOBAL_ACCENT_COLOR_NAME = AccentColor;
				CODE_SIGN_STYLE = Automatic;
				CURRENT_PROJECT_VERSION = 1;
				DEVELOPMENT_ASSET_PATHS = "\"volvo-code-test/Preview Content\"";
				DEVELOPMENT_TEAM = 96G8B7SJ53;
				ENABLE_PREVIEWS = YES;
				GENERATE_INFOPLIST_FILE = YES;
				INFOPLIST_KEY_UIApplicationSceneManifest_Generation = YES;
				INFOPLIST_KEY_UIApplicationSupportsIndirectInputEvents = YES;
				INFOPLIST_KEY_UILaunchScreen_Generation = YES;
				INFOPLIST_KEY_UISupportedInterfaceOrientations_iPad = "UIInterfaceOrientationPortrait UIInterfaceOrientationPortraitUpsideDown UIInterfaceOrientationLandscapeLeft UIInterfaceOrientationLandscapeRight";
				INFOPLIST_KEY_UISupportedInterfaceOrientations_iPhone = "UIInterfaceOrientationPortrait UIInterfaceOrientationLandscapeLeft UIInterfaceOrientationLandscapeRight";
				LD_RUNPATH_SEARCH_PATHS = (
					"$(inherited)",
					"@executable_path/Frameworks",
				);
				MARKETING_VERSION = 1.0;
				PRODUCT_BUNDLE_IDENTIFIER = "victor.dev.volvo-code-test";
				PRODUCT_NAME = "$(TARGET_NAME)";
				SWIFT_EMIT_LOC_STRINGS = YES;
				SWIFT_VERSION = 5.0;
				TARGETED_DEVICE_FAMILY = "1,2";
			};
			name = Debug;
		};
		6AA1284429EF24550058C67B /* Release */ = {
			isa = XCBuildConfiguration;
			buildSettings = {
				ASSETCATALOG_COMPILER_APPICON_NAME = AppIcon;
				ASSETCATALOG_COMPILER_GLOBAL_ACCENT_COLOR_NAME = AccentColor;
				CODE_SIGN_STYLE = Automatic;
				CURRENT_PROJECT_VERSION = 1;
				DEVELOPMENT_ASSET_PATHS = "\"volvo-code-test/Preview Content\"";
				DEVELOPMENT_TEAM = 96G8B7SJ53;
				ENABLE_PREVIEWS = YES;
				GENERATE_INFOPLIST_FILE = YES;
				INFOPLIST_KEY_UIApplicationSceneManifest_Generation = YES;
				INFOPLIST_KEY_UIApplicationSupportsIndirectInputEvents = YES;
				INFOPLIST_KEY_UILaunchScreen_Generation = YES;
				INFOPLIST_KEY_UISupportedInterfaceOrientations_iPad = "UIInterfaceOrientationPortrait UIInterfaceOrientationPortraitUpsideDown UIInterfaceOrientationLandscapeLeft UIInterfaceOrientationLandscapeRight";
				INFOPLIST_KEY_UISupportedInterfaceOrientations_iPhone = "UIInterfaceOrientationPortrait UIInterfaceOrientationLandscapeLeft UIInterfaceOrientationLandscapeRight";
				LD_RUNPATH_SEARCH_PATHS = (
					"$(inherited)",
					"@executable_path/Frameworks",
				);
				MARKETING_VERSION = 1.0;
				PRODUCT_BUNDLE_IDENTIFIER = "victor.dev.volvo-code-test";
				PRODUCT_NAME = "$(TARGET_NAME)";
				SWIFT_EMIT_LOC_STRINGS = YES;
				SWIFT_VERSION = 5.0;
				TARGETED_DEVICE_FAMILY = "1,2";
			};
			name = Release;
		};
		6AA1284629EF24550058C67B /* Debug */ = {
			isa = XCBuildConfiguration;
			buildSettings = {
				ALWAYS_EMBED_SWIFT_STANDARD_LIBRARIES = YES;
				BUNDLE_LOADER = "$(TEST_HOST)";
				CODE_SIGN_STYLE = Automatic;
				CURRENT_PROJECT_VERSION = 1;
				DEVELOPMENT_TEAM = 96G8B7SJ53;
				GENERATE_INFOPLIST_FILE = YES;
				IPHONEOS_DEPLOYMENT_TARGET = 16.4;
				MARKETING_VERSION = 1.0;
				PRODUCT_BUNDLE_IDENTIFIER = "victor.dev.volvo-code-testTests";
				PRODUCT_NAME = "$(TARGET_NAME)";
				SWIFT_EMIT_LOC_STRINGS = NO;
				SWIFT_VERSION = 5.0;
				TARGETED_DEVICE_FAMILY = "1,2";
				TEST_HOST = "$(BUILT_PRODUCTS_DIR)/volvo-code-test.app/$(BUNDLE_EXECUTABLE_FOLDER_PATH)/volvo-code-test";
			};
			name = Debug;
		};
		6AA1284729EF24550058C67B /* Release */ = {
			isa = XCBuildConfiguration;
			buildSettings = {
				ALWAYS_EMBED_SWIFT_STANDARD_LIBRARIES = YES;
				BUNDLE_LOADER = "$(TEST_HOST)";
				CODE_SIGN_STYLE = Automatic;
				CURRENT_PROJECT_VERSION = 1;
				DEVELOPMENT_TEAM = 96G8B7SJ53;
				GENERATE_INFOPLIST_FILE = YES;
				IPHONEOS_DEPLOYMENT_TARGET = 16.4;
				MARKETING_VERSION = 1.0;
				PRODUCT_BUNDLE_IDENTIFIER = "victor.dev.volvo-code-testTests";
				PRODUCT_NAME = "$(TARGET_NAME)";
				SWIFT_EMIT_LOC_STRINGS = NO;
				SWIFT_VERSION = 5.0;
				TARGETED_DEVICE_FAMILY = "1,2";
				TEST_HOST = "$(BUILT_PRODUCTS_DIR)/volvo-code-test.app/$(BUNDLE_EXECUTABLE_FOLDER_PATH)/volvo-code-test";
			};
			name = Release;
		};
		6AA1284929EF24550058C67B /* Debug */ = {
			isa = XCBuildConfiguration;
			buildSettings = {
				ALWAYS_EMBED_SWIFT_STANDARD_LIBRARIES = YES;
				CODE_SIGN_STYLE = Automatic;
				CURRENT_PROJECT_VERSION = 1;
				DEVELOPMENT_TEAM = 96G8B7SJ53;
				GENERATE_INFOPLIST_FILE = YES;
				MARKETING_VERSION = 1.0;
				PRODUCT_BUNDLE_IDENTIFIER = "victor.dev.volvo-code-testUITests";
				PRODUCT_NAME = "$(TARGET_NAME)";
				SWIFT_EMIT_LOC_STRINGS = NO;
				SWIFT_VERSION = 5.0;
				TARGETED_DEVICE_FAMILY = "1,2";
				TEST_TARGET_NAME = "volvo-code-test";
			};
			name = Debug;
		};
		6AA1284A29EF24550058C67B /* Release */ = {
			isa = XCBuildConfiguration;
			buildSettings = {
				ALWAYS_EMBED_SWIFT_STANDARD_LIBRARIES = YES;
				CODE_SIGN_STYLE = Automatic;
				CURRENT_PROJECT_VERSION = 1;
				DEVELOPMENT_TEAM = 96G8B7SJ53;
				GENERATE_INFOPLIST_FILE = YES;
				MARKETING_VERSION = 1.0;
				PRODUCT_BUNDLE_IDENTIFIER = "victor.dev.volvo-code-testUITests";
				PRODUCT_NAME = "$(TARGET_NAME)";
				SWIFT_EMIT_LOC_STRINGS = NO;
				SWIFT_VERSION = 5.0;
				TARGETED_DEVICE_FAMILY = "1,2";
				TEST_TARGET_NAME = "volvo-code-test";
			};
			name = Release;
		};
/* End XCBuildConfiguration section */

/* Begin XCConfigurationList section */
		6AA1281929EF24540058C67B /* Build configuration list for PBXProject "volvo-code-test" */ = {
			isa = XCConfigurationList;
			buildConfigurations = (
				6AA1284029EF24550058C67B /* Debug */,
				6AA1284129EF24550058C67B /* Release */,
			);
			defaultConfigurationIsVisible = 0;
			defaultConfigurationName = Release;
		};
		6AA1284229EF24550058C67B /* Build configuration list for PBXNativeTarget "volvo-code-test" */ = {
			isa = XCConfigurationList;
			buildConfigurations = (
				6AA1284329EF24550058C67B /* Debug */,
				6AA1284429EF24550058C67B /* Release */,
			);
			defaultConfigurationIsVisible = 0;
			defaultConfigurationName = Release;
		};
		6AA1284529EF24550058C67B /* Build configuration list for PBXNativeTarget "volvo-code-testTests" */ = {
			isa = XCConfigurationList;
			buildConfigurations = (
				6AA1284629EF24550058C67B /* Debug */,
				6AA1284729EF24550058C67B /* Release */,
			);
			defaultConfigurationIsVisible = 0;
			defaultConfigurationName = Release;
		};
		6AA1284829EF24550058C67B /* Build configuration list for PBXNativeTarget "volvo-code-testUITests" */ = {
			isa = XCConfigurationList;
			buildConfigurations = (
				6AA1284929EF24550058C67B /* Debug */,
				6AA1284A29EF24550058C67B /* Release */,
			);
			defaultConfigurationIsVisible = 0;
			defaultConfigurationName = Release;
		};
/* End XCConfigurationList section */
	};
	rootObject = 6AA1281629EF24540058C67B /* Project object */;
}
